
Microsoft Visual Studio Solution File, Format Version 12.00
Project("{FAE04EC0-301F-11D3-BF4B-00C04F79EFBC}") = "KolosExample", "KolosExample\KolosExample.csproj", "{95128E1E-DB16-4624-B820-F152D07D3DDB}"
EndProject
Project("{FAE04EC0-301F-11D3-BF4B-00C04F79EFBC}") = "LeakedKolos", "LeakedKolos\LeakedKolos.csproj", "{595345DB-C6E6-494C-95C8-D38F33DBD164}"
EndProject
Global
	GlobalSection(SolutionConfigurationPlatforms) = preSolution
		Debug|Any CPU = Debug|Any CPU
		Release|Any CPU = Release|Any CPU
	EndGlobalSection
	GlobalSection(ProjectConfigurationPlatforms) = postSolution
		{95128E1E-DB16-4624-B820-F152D07D3DDB}.Debug|Any CPU.ActiveCfg = Debug|Any CPU
		{95128E1E-DB16-4624-B820-F152D07D3DDB}.Debug|Any CPU.Build.0 = Debug|Any CPU
		{95128E1E-DB16-4624-B820-F152D07D3DDB}.Release|Any CPU.ActiveCfg = Release|Any CPU
		{95128E1E-DB16-4624-B820-F152D07D3DDB}.Release|Any CPU.Build.0 = Release|Any CPU
		{595345DB-C6E6-494C-95C8-D38F33DBD164}.Debug|Any CPU.ActiveCfg = Debug|Any CPU
		{595345DB-C6E6-494C-95C8-D38F33DBD164}.Debug|Any CPU.Build.0 = Debug|Any CPU
		{595345DB-C6E6-494C-95C8-D38F33DBD164}.Release|Any CPU.ActiveCfg = Release|Any CPU
		{595345DB-C6E6-494C-95C8-D38F33DBD164}.Release|Any CPU.Build.0 = Release|Any CPU
	EndGlobalSection
EndGlobal
